
Microsoft Visual Studio Solution File, Format Version 12.00
# Visual Studio Version 17
VisualStudioVersion = 17.9.34701.34
MinimumVisualStudioVersion = 10.0.40219.1
Project("{FAE04EC0-301F-11D3-BF4B-00C04F79EFBC}") = "Pizza kassa", "Pizza kassa\Pizza kassa.csproj", "{D0B445BF-51E4-4969-997B-4FC78BC21743}"
EndProject
Global
	GlobalSection(SolutionConfigurationPlatforms) = preSolution
		Debug|Any CPU = Debug|Any CPU
		Release|Any CPU = Release|Any CPU
	EndGlobalSection
	GlobalSection(ProjectConfigurationPlatforms) = postSolution
		{D0B445BF-51E4-4969-997B-4FC78BC21743}.Debug|Any CPU.ActiveCfg = Debug|Any CPU
		{D0B445BF-51E4-4969-997B-4FC78BC21743}.Debug|Any CPU.Build.0 = Debug|Any CPU
		{D0B445BF-51E4-4969-997B-4FC78BC21743}.Release|Any CPU.ActiveCfg = Release|Any CPU
		{D0B445BF-51E4-4969-997B-4FC78BC21743}.Release|Any CPU.Build.0 = Release|Any CPU
	EndGlobalSection
	GlobalSection(SolutionProperties) = preSolution
		HideSolutionNode = FALSE
	EndGlobalSection
	GlobalSection(ExtensibilityGlobals) = postSolution
		SolutionGuid = {75E847D0-E204-4946-BA3E-FB1CD8A04FC9}
	EndGlobalSection
EndGlobal
